{
  "name": "june-review-isolated-runtime",
  "lockfileVersion": 3,
  "requires": true,
  "packages": {
    "": {
      "dependencies": {
        "@electric-sql/pglite": "0.3.14"
      }
    },
    "node_modules/@electric-sql/pglite": {
      "version": "0.3.14",
      "resolved": "https://registry.npmjs.org/@electric-sql/pglite/-/pglite-0.3.14.tgz",
      "integrity": "sha512-3DB258dhqdsArOI1fIt7cb9RpUOgcDg5hXWVgVHAeqVQ/qxtFy605QKs4gx6mFq3jWsSPqDN8TgSEsqC3OfV9Q==",
      "license": "Apache-2.0"
    }
  }
}